
Microsoft Visual Studio Solution File, Format Version 12.00
# Visual Studio Version 17
VisualStudioVersion = 17.13.35931.197 d17.13
MinimumVisualStudioVersion = 10.0.40219.1
Project("{FAE04EC0-301F-11D3-BF4B-00C04F79EFBC}") = "WebApplication16", "WebApplication16\WebApplication16.csproj", "{0870D1C5-B296-4DE6-82A2-C3A2E50072E5}"
EndProject
Global
	GlobalSection(SolutionConfigurationPlatforms) = preSolution
		Debug|Any CPU = Debug|Any CPU
		Release|Any CPU = Release|Any CPU
	EndGlobalSection
	GlobalSection(ProjectConfigurationPlatforms) = postSolution
		{0870D1C5-B296-4DE6-82A2-C3A2E50072E5}.Debug|Any CPU.ActiveCfg = Debug|Any CPU
		{0870D1C5-B296-4DE6-82A2-C3A2E50072E5}.Debug|Any CPU.Build.0 = Debug|Any CPU
		{0870D1C5-B296-4DE6-82A2-C3A2E50072E5}.Release|Any CPU.ActiveCfg = Release|Any CPU
		{0870D1C5-B296-4DE6-82A2-C3A2E50072E5}.Release|Any CPU.Build.0 = Release|Any CPU
	EndGlobalSection
	GlobalSection(SolutionProperties) = preSolution
		HideSolutionNode = FALSE
	EndGlobalSection
	GlobalSection(ExtensibilityGlobals) = postSolution
		SolutionGuid = {3E49F5C5-EF51-4A76-87CA-6E9B154F099B}
	EndGlobalSection
EndGlobal
